
Microsoft Visual Studio Solution File, Format Version 12.00
# Visual Studio Version 17
VisualStudioVersion = 17.0.31903.59
MinimumVisualStudioVersion = 10.0.40219.1
Project("{9A19103F-16F7-4668-BE54-9A1E7A4F7556}") = "CIPLATFORM", "CIPLATFORM\CIPLATFORM.csproj", "{B8DDC8EE-AAAA-44B8-A4D8-950EA54E442F}"
EndProject
Project("{9A19103F-16F7-4668-BE54-9A1E7A4F7556}") = "CIPLATFORM.Entities", "CIPLATFORM.Entities\CIPLATFORM.Entities.csproj", "{9E59F4C8-1F78-4DE6-81D5-2FBE214EEC25}"
EndProject
Project("{9A19103F-16F7-4668-BE54-9A1E7A4F7556}") = "CIPLATFORM.Respository", "CIPLATFORM.Respository\CIPLATFORM.Respository.csproj", "{00E2015C-7238-4BFC-8462-7A0736A1D8E6}"
EndProject
Global
	GlobalSection(SolutionConfigurationPlatforms) = preSolution
		Debug|Any CPU = Debug|Any CPU
		Release|Any CPU = Release|Any CPU
	EndGlobalSection
	GlobalSection(ProjectConfigurationPlatforms) = postSolution
		{B8DDC8EE-AAAA-44B8-A4D8-950EA54E442F}.Debug|Any CPU.ActiveCfg = Debug|Any CPU
		{B8DDC8EE-AAAA-44B8-A4D8-950EA54E442F}.Debug|Any CPU.Build.0 = Debug|Any CPU
		{B8DDC8EE-AAAA-44B8-A4D8-950EA54E442F}.Release|Any CPU.ActiveCfg = Release|Any CPU
		{B8DDC8EE-AAAA-44B8-A4D8-950EA54E442F}.Release|Any CPU.Build.0 = Release|Any CPU
		{9E59F4C8-1F78-4DE6-81D5-2FBE214EEC25}.Debug|Any CPU.ActiveCfg = Debug|Any CPU
		{9E59F4C8-1F78-4DE6-81D5-2FBE214EEC25}.Debug|Any CPU.Build.0 = Debug|Any CPU
		{9E59F4C8-1F78-4DE6-81D5-2FBE214EEC25}.Release|Any CPU.ActiveCfg = Release|Any CPU
		{9E59F4C8-1F78-4DE6-81D5-2FBE214EEC25}.Release|Any CPU.Build.0 = Release|Any CPU
		{00E2015C-7238-4BFC-8462-7A0736A1D8E6}.Debug|Any CPU.ActiveCfg = Debug|Any CPU
		{00E2015C-7238-4BFC-8462-7A0736A1D8E6}.Debug|Any CPU.Build.0 = Debug|Any CPU
		{00E2015C-7238-4BFC-8462-7A0736A1D8E6}.Release|Any CPU.ActiveCfg = Release|Any CPU
		{00E2015C-7238-4BFC-8462-7A0736A1D8E6}.Release|Any CPU.Build.0 = Release|Any CPU
	EndGlobalSection
	GlobalSection(SolutionProperties) = preSolution
		HideSolutionNode = FALSE
	EndGlobalSection
	GlobalSection(ExtensibilityGlobals) = postSolution
		SolutionGuid = {4AD3E341-7C87-427E-8CF7-16A64392A2CE}
	EndGlobalSection
EndGlobal
